Microsoft Visual Studio Solution File, Format Version 12.00
# Visual Studio Version 18
VisualStudioVersion = 18.9.12120.119
MinimumVisualStudioVersion = 10.0.40219.1
Project("{FAE04EC0-301F-11D3-BF4B-00C04F79EFBC}") = "Ling.Interceptors", "src\Ling.Interceptors\Ling.Interceptors.csproj", "{7D7C92B7-3B0D-4D65-A801-C26DE2336D02}"
EndProject
Project("{FAE04EC0-301F-11D3-BF4B-00C04F79EFBC}") = "Ling.Interceptors.Sample", "samples\Ling.Interceptors.Sample\Ling.Interceptors.Sample.csproj", "{9140E89D-3450-4F72-8E6D-51AF80C01842}"
EndProject
Project("{FAE04EC0-301F-11D3-BF4B-00C04F79EFBC}") = "Ling.Interceptors.Tests", "tests\Ling.Interceptors.Tests\Ling.Interceptors.Tests.csproj", "{8AE7BC22-D210-4570-BFF3-FD2BD7460B51}"
EndProject
Project("{2150E333-8FDC-42A3-9474-1A3956D46DE8}") = "src", "src", "{8545C289-0914-4A66-A7C4-CB2EBCFC4B86}"
	ProjectSection(SolutionItems) = preProject
		src\Directory.Build.props = src\Directory.Build.props
	EndProjectSection
EndProject
Project("{2150E333-8FDC-42A3-9474-1A3956D46DE8}") = "samples", "samples", "{18AFD374-7123-468D-99A5-474536798F9B}"
EndProject
Project("{2150E333-8FDC-42A3-9474-1A3956D46DE8}") = "tests", "tests", "{7E471D77-EA83-442D-A3ED-C1A9AB6702C7}"
EndProject
Project("{2150E333-8FDC-42A3-9474-1A3956D46DE8}") = "Solution items", "Solution items", "{06FC6543-69BE-403A-8FCD-C7C333EB0FD5}"
	ProjectSection(SolutionItems) = preProject
		.editorconfig = .editorconfig
		.gitignore = .gitignore
	EndProjectSection
EndProject
Global
	GlobalSection(SolutionConfigurationPlatforms) = preSolution
		Debug|Any CPU = Debug|Any CPU
		Release|Any CPU = Release|Any CPU
	EndGlobalSection
	GlobalSection(ProjectConfigurationPlatforms) = postSolution
		{7D7C92B7-3B0D-4D65-A801-C26DE2336D02}.Debug|Any CPU.ActiveCfg = Debug|Any CPU
		{7D7C92B7-3B0D-4D65-A801-C26DE2336D02}.Debug|Any CPU.Build.0 = Debug|Any CPU
		{7D7C92B7-3B0D-4D65-A801-C26DE2336D02}.Release|Any CPU.ActiveCfg = Release|Any CPU
		{7D7C92B7-3B0D-4D65-A801-C26DE2336D02}.Release|Any CPU.Build.0 = Release|Any CPU
		{9140E89D-3450-4F72-8E6D-51AF80C01842}.Debug|Any CPU.ActiveCfg = Debug|Any CPU
		{9140E89D-3450-4F72-8E6D-51AF80C01842}.Debug|Any CPU.Build.0 = Debug|Any CPU
		{9140E89D-3450-4F72-8E6D-51AF80C01842}.Release|Any CPU.ActiveCfg = Release|Any CPU
		{9140E89D-3450-4F72-8E6D-51AF80C01842}.Release|Any CPU.Build.0 = Release|Any CPU
		{8AE7BC22-D210-4570-BFF3-FD2BD7460B51}.Debug|Any CPU.ActiveCfg = Debug|Any CPU
		{8AE7BC22-D210-4570-BFF3-FD2BD7460B51}.Debug|Any CPU.Build.0 = Debug|Any CPU
		{8AE7BC22-D210-4570-BFF3-FD2BD7460B51}.Release|Any CPU.ActiveCfg = Release|Any CPU
		{8AE7BC22-D210-4570-BFF3-FD2BD7460B51}.Release|Any CPU.Build.0 = Release|Any CPU
	EndGlobalSection
	GlobalSection(SolutionProperties) = preSolution
		HideSolutionNode = FALSE
	EndGlobalSection
	GlobalSection(NestedProjects) = preSolution
		{7D7C92B7-3B0D-4D65-A801-C26DE2336D02} = {8545C289-0914-4A66-A7C4-CB2EBCFC4B86}
		{9140E89D-3450-4F72-8E6D-51AF80C01842} = {18AFD374-7123-468D-99A5-474536798F9B}
		{8AE7BC22-D210-4570-BFF3-FD2BD7460B51} = {7E471D77-EA83-442D-A3ED-C1A9AB6702C7}
	EndGlobalSection
	GlobalSection(ExtensibilityGlobals) = postSolution
		SolutionGuid = {D816F83C-CB45-4998-AC66-82CB283C9C9C}
	EndGlobalSection
EndGlobal
